// !$*UTF8*$!
{
	archiveVersion = 1;
	classes = {
	};
	objectVersion = 50;
	objects = {

/* Begin PBXBuildFile section */
		71B8F8F49D650557D47A168B /* Pods_LA_HACKS_2019.framework in Frameworks */ = {isa = PBXBuildFile; fileRef = 8BCF03319303BA250C33716C /* Pods_LA_HACKS_2019.framework */; };
		8A624432224FC290004FA45D /* WeatherDataModel.swift in Sources */ = {isa = PBXBuildFile; fileRef = 8A624431224FC290004FA45D /* WeatherDataModel.swift */; };
		8A624436224FC399004FA45D /* DateModel.swift in Sources */ = {isa = PBXBuildFile; fileRef = 8A624435224FC399004FA45D /* DateModel.swift */; };
		8A624438224FC44F004FA45D /* TimeModel.swift in Sources */ = {isa = PBXBuildFile; fileRef = 8A624437224FC44F004FA45D /* TimeModel.swift */; };
		8A62443B224FDB02004FA45D /* CustomCell.xib in Resources */ = {isa = PBXBuildFile; fileRef = 8A62443A224FDB02004FA45D /* CustomCell.xib */; };
		8A72E699224F3888009F9D11 /* AppDelegate.swift in Sources */ = {isa = PBXBuildFile; fileRef = 8A72E698224F3888009F9D11 /* AppDelegate.swift */; };
		8A72E69B224F3888009F9D11 /* ViewController.swift in Sources */ = {isa = PBXBuildFile; fileRef = 8A72E69A224F3888009F9D11 /* ViewController.swift */; };
		8A72E69E224F3888009F9D11 /* Main.storyboard in Resources */ = {isa = PBXBuildFile; fileRef = 8A72E69C224F3888009F9D11 /* Main.storyboard */; };
		8A72E6A1224F3889009F9D11 /* LA_HACKS_2019.xcdatamodeld in Sources */ = {isa = PBXBuildFile; fileRef = 8A72E69F224F3889009F9D11 /* LA_HACKS_2019.xcdatamodeld */; };
		8A72E6A3224F388A009F9D11 /* Assets.xcassets in Resources */ = {isa = PBXBuildFile; fileRef = 8A72E6A2224F388A009F9D11 /* Assets.xcassets */; };
		8A72E6A6224F388A009F9D11 /* LaunchScreen.storyboard in Resources */ = {isa = PBXBuildFile; fileRef = 8A72E6A4224F388A009F9D11 /* LaunchScreen.storyboard */; };
		8A72E6B1224F388A009F9D11 /* LA_HACKS_2019Tests.swift in Sources */ = {isa = PBXBuildFile; fileRef = 8A72E6B0224F388A009F9D11 /* LA_HACKS_2019Tests.swift */; };
		8A72E6BC224F388A009F9D11 /* LA_HACKS_2019UITests.swift in Sources */ = {isa = PBXBuildFile; fileRef = 8A72E6BB224F388A009F9D11 /* LA_HACKS_2019UITests.swift */; };
		8AFC41D4224FEC5A00E26711 /* CustomWeatherController.swift in Sources */ = {isa = PBXBuildFile; fileRef = 8AFC41D3224FEC5A00E26711 /* CustomWeatherController.swift */; };
		8AFC41D8224FF93400E26711 /* ItemsList.swift in Sources */ = {isa = PBXBuildFile; fileRef = 8AFC41D7224FF93400E26711 /* ItemsList.swift */; };
		8AFC41DA224FFBC100E26711 /* CustomCellController.swift in Sources */ = {isa = PBXBuildFile; fileRef = 8AFC41D9224FFBC100E26711 /* CustomCellController.swift */; };
/* End PBXBuildFile section */

/* Begin PBXContainerItemProxy section */
		8A72E6AD224F388A009F9D11 /* PBXContainerItemProxy */ = {
			isa = PBXContainerItemProxy;
			containerPortal = 8A72E68D224F3888009F9D11 /* Project object */;
			proxyType = 1;
			remoteGlobalIDString = 8A72E694224F3888009F9D11;
			remoteInfo = "LA-HACKS-2019";
		};
		8A72E6B8224F388A009F9D11 /* PBXContainerItemProxy */ = {
			isa = PBXContainerItemProxy;
			containerPortal = 8A72E68D224F3888009F9D11 /* Project object */;
			proxyType = 1;
			remoteGlobalIDString = 8A72E694224F3888009F9D11;
			remoteInfo = "LA-HACKS-2019";
		};
/* End PBXContainerItemProxy section */

/* Begin PBXFileReference section */
		8A624431224FC290004FA45D /* WeatherDataModel.swift */ = {isa = PBXFileReference; lastKnownFileType = sourcecode.swift; path = WeatherDataModel.swift; sourceTree = "<group>"; };
		8A624435224FC399004FA45D /* DateModel.swift */ = {isa = PBXFileReference; lastKnownFileType = sourcecode.swift; path = DateModel.swift; sourceTree = "<group>"; };
		8A624437224FC44F004FA45D /* TimeModel.swift */ = {isa = PBXFileReference; lastKnownFileType = sourcecode.swift; path = TimeModel.swift; sourceTree = "<group>"; };
		8A62443A224FDB02004FA45D /* CustomCell.xib */ = {isa = PBXFileReference; fileEncoding = 4; lastKnownFileType = file.xib; name = CustomCell.xib; path = "LA-HACKS-2019/CustomCell.xib"; sourceTree = SOURCE_ROOT; };
		8A72E695224F3888009F9D11 /* LA-HACKS-2019.app */ = {isa = PBXFileReference; explicitFileType = wrapper.application; includeInIndex = 0; path = "LA-HACKS-2019.app"; sourceTree = BUILT_PRODUCTS_DIR; };
		8A72E698224F3888009F9D11 /* AppDelegate.swift */ = {isa = PBXFileReference; lastKnownFileType = sourcecode.swift; path = AppDelegate.swift; sourceTree = "<group>"; };
		8A72E69A224F3888009F9D11 /* ViewController.swift */ = {isa = PBXFileReference; lastKnownFileType = sourcecode.swift; path = ViewController.swift; sourceTree = "<group>"; };
		8A72E69D224F3888009F9D11 /* Base */ = {isa = PBXFileReference; lastKnownFileType = file.storyboard; name = Base; path = Base.lproj/Main.storyboard; sourceTree = "<group>"; };
		8A72E6A0224F3889009F9D11 /* LA_HACKS_2019.xcdatamodel */ = {isa = PBXFileReference; lastKnownFileType = wrapper.xcdatamodel; path = LA_HACKS_2019.xcdatamodel; sourceTree = "<group>"; };
		8A72E6A2224F388A009F9D11 /* Assets.xcassets */ = {isa = PBXFileReference; lastKnownFileType = folder.assetcatalog; path = Assets.xcassets; sourceTree = "<group>"; };
		8A72E6A5224F388A009F9D11 /* Base */ = {isa = PBXFileReference; lastKnownFileType = file.storyboard; name = Base; path = Base.lproj/LaunchScreen.storyboard; sourceTree = "<group>"; };
		8A72E6A7224F388A009F9D11 /* Info.plist */ = {isa = PBXFileReference; lastKnownFileType = text.plist.xml; path = Info.plist; sourceTree = "<group>"; };
		8A72E6AC224F388A009F9D11 /* LA-HACKS-2019Tests.xctest */ = {isa = PBXFileReference; explicitFileType = wrapper.cfbundle; includeInIndex = 0; path = "LA-HACKS-2019Tests.xctest"; sourceTree = BUILT_PRODUCTS_DIR; };
		8A72E6B0224F388A009F9D11 /* LA_HACKS_2019Tests.swift */ = {isa = PBXFileReference; lastKnownFileType = sourcecode.swift; path = LA_HACKS_2019Tests.swift; sourceTree = "<group>"; };
		8A72E6B2224F388A009F9D11 /* Info.plist */ = {isa = PBXFileReference; lastKnownFileType = text.plist.xml; path = Info.plist; sourceTree = "<group>"; };
		8A72E6B7224F388A009F9D11 /* LA-HACKS-2019UITests.xctest */ = {isa = PBXFileReference; explicitFileType = wrapper.cfbundle; includeInIndex = 0; path = "LA-HACKS-2019UITests.xctest"; sourceTree = BUILT_PRODUCTS_DIR; };
		8A72E6BB224F388A009F9D11 /* LA_HACKS_2019UITests.swift */ = {isa = PBXFileReference; lastKnownFileType = sourcecode.swift; path = LA_HACKS_2019UITests.swift; sourceTree = "<group>"; };
		8A72E6BD224F388A009F9D11 /* Info.plist */ = {isa = PBXFileReference; lastKnownFileType = text.plist.xml; path = Info.plist; sourceTree = "<group>"; };
		8AFC41D3224FEC5A00E26711 /* CustomWeatherController.swift */ = {isa = PBXFileReference; lastKnownFileType = sourcecode.swift; path = CustomWeatherController.swift; sourceTree = "<group>"; };
		8AFC41D7224FF93400E26711 /* ItemsList.swift */ = {isa = PBXFileReference; lastKnownFileType = sourcecode.swift; path = ItemsList.swift; sourceTree = "<group>"; };
		8AFC41D9224FFBC100E26711 /* CustomCellController.swift */ = {isa = PBXFileReference; lastKnownFileType = sourcecode.swift; path = CustomCellController.swift; sourceTree = "<group>"; };
		8BCF03319303BA250C33716C /* Pods_LA_HACKS_2019.framework */ = {isa = PBXFileReference; explicitFileType = wrapper.framework; includeInIndex = 0; path = Pods_LA_HACKS_2019.framework; sourceTree = BUILT_PRODUCTS_DIR; };
		A5E7CFD1081C00A965743340 /* Pods-LA-HACKS-2019.debug.xcconfig */ = {isa = PBXFileReference; includeInIndex = 1; lastKnownFileType = text.xcconfig; name = "Pods-LA-HACKS-2019.debug.xcconfig"; path = "Target Support Files/Pods-LA-HACKS-2019/Pods-LA-HACKS-2019.debug.xcconfig"; sourceTree = "<group>"; };
		DA210F489F876BC1FCD68A0A /* Pods-LA-HACKS-2019.release.xcconfig */ = {isa = PBXFileReference; includeInIndex = 1; lastKnownFileType = text.xcconfig; name = "Pods-LA-HACKS-2019.release.xcconfig"; path = "Target Support Files/Pods-LA-HACKS-2019/Pods-LA-HACKS-2019.release.xcconfig"; sourceTree = "<group>"; };
/* End PBXFileReference section */

/* Begin PBXFrameworksBuildPhase section */
		8A72E692224F3888009F9D11 /* Frameworks */ = {
			isa = PBXFrameworksBuildPhase;
			buildActionMask = 2147483647;
			files = (
				71B8F8F49D650557D47A168B /* Pods_LA_HACKS_2019.framework in Frameworks */,
			);
			runOnlyForDeploymentPostprocessing = 0;
		};
		8A72E6A9224F388A009F9D11 /* Frameworks */ = {
			isa = PBXFrameworksBuildPhase;
			buildActionMask = 2147483647;
			files = (
			);
			runOnlyForDeploymentPostprocessing = 0;
		};
		8A72E6B4224F388A009F9D11 /* Frameworks */ = {
			isa = PBXFrameworksBuildPhase;
			buildActionMask = 2147483647;
			files = (
			);
			runOnlyForDeploymentPostprocessing = 0;
		};
/* End PBXFrameworksBuildPhase section */

/* Begin PBXGroup section */
		8A62442D224FC218004FA45D /* View */ = {
			isa = PBXGroup;
			children = (
				8A72E6A4224F388A009F9D11 /* LaunchScreen.storyboard */,
				8A72E69C224F3888009F9D11 /* Main.storyboard */,
				8A624439224FDA8F004FA45D /* CustomCell */,
			);
			path = View;
			sourceTree = "<group>";
		};
		8A62442E224FC24D004FA45D /* Model */ = {
			isa = PBXGroup;
			children = (
				8A624431224FC290004FA45D /* WeatherDataModel.swift */,
				8AFC41D7224FF93400E26711 /* ItemsList.swift */,
				8A624437224FC44F004FA45D /* TimeModel.swift */,
				8A624435224FC399004FA45D /* DateModel.swift */,
			);
			path = Model;
			sourceTree = "<group>";
		};
		8A624430224FC26F004FA45D /* Controller */ = {
			isa = PBXGroup;
			children = (
				8A72E69A224F3888009F9D11 /* ViewController.swift */,
				8AFC41D3224FEC5A00E26711 /* CustomWeatherController.swift */,
				8A72E698224F3888009F9D11 /* AppDelegate.swift */,
			);
			path = Controller;
			sourceTree = "<group>";
		};
		8A624439224FDA8F004FA45D /* CustomCell */ = {
			isa = PBXGroup;
			children = (
				8A62443A224FDB02004FA45D /* CustomCell.xib */,
				8AFC41D9224FFBC100E26711 /* CustomCellController.swift */,
			);
			path = CustomCell;
			sourceTree = "<group>";
		};
		8A72E68C224F3888009F9D11 = {
			isa = PBXGroup;
			children = (
				8A72E697224F3888009F9D11 /* LA-HACKS-2019 */,
				8A72E6AF224F388A009F9D11 /* LA-HACKS-2019Tests */,
				8A72E6BA224F388A009F9D11 /* LA-HACKS-2019UITests */,
				8A72E696224F3888009F9D11 /* Products */,
				E36D1AE8B01807793C794AD4 /* Pods */,
				E54D898127480D31578DCA1D /* Frameworks */,
			);
			sourceTree = "<group>";
		};
		8A72E696224F3888009F9D11 /* Products */ = {
			isa = PBXGroup;
			children = (
				8A72E695224F3888009F9D11 /* LA-HACKS-2019.app */,
				8A72E6AC224F388A009F9D11 /* LA-HACKS-2019Tests.xctest */,
				8A72E6B7224F388A009F9D11 /* LA-HACKS-2019UITests.xctest */,
			);
			name = Products;
			sourceTree = "<group>";
		};
		8A72E697224F3888009F9D11 /* LA-HACKS-2019 */ = {
			isa = PBXGroup;
			children = (
				8A624430224FC26F004FA45D /* Controller */,
				8A62442E224FC24D004FA45D /* Model */,
				8A62442D224FC218004FA45D /* View */,
				8A72E6A2224F388A009F9D11 /* Assets.xcassets */,
				8A72E6A7224F388A009F9D11 /* Info.plist */,
				8A72E69F224F3889009F9D11 /* LA_HACKS_2019.xcdatamodeld */,
			);
			path = "LA-HACKS-2019";
			sourceTree = "<group>";
		};
		8A72E6AF224F388A009F9D11 /* LA-HACKS-2019Tests */ = {
			isa = PBXGroup;
			children = (
				8A72E6B0224F388A009F9D11 /* LA_HACKS_2019Tests.swift */,
				8A72E6B2224F388A009F9D11 /* Info.plist */,
			);
			path = "LA-HACKS-2019Tests";
			sourceTree = "<group>";
		};
		8A72E6BA224F388A009F9D11 /* LA-HACKS-2019UITests */ = {
			isa = PBXGroup;
			children = (
				8A72E6BB224F388A009F9D11 /* LA_HACKS_2019UITests.swift */,
				8A72E6BD224F388A009F9D11 /* Info.plist */,
			);
			path = "LA-HACKS-2019UITests";
			sourceTree = "<group>";
		};
		E36D1AE8B01807793C794AD4 /* Pods */ = {
			isa = PBXGroup;
			children = (
				A5E7CFD1081C00A965743340 /* Pods-LA-HACKS-2019.debug.xcconfig */,
				DA210F489F876BC1FCD68A0A /* Pods-LA-HACKS-2019.release.xcconfig */,
			);
			path = Pods;
			sourceTree = "<group>";
		};
		E54D898127480D31578DCA1D /* Frameworks */ = {
			isa = PBXGroup;
			children = (
				8BCF03319303BA250C33716C /* Pods_LA_HACKS_2019.framework */,
			);
			name = Frameworks;
			sourceTree = "<group>";
		};
/* End PBXGroup section */

/* Begin PBXNativeTarget section */
		8A72E694224F3888009F9D11 /* LA-HACKS-2019 */ = {
			isa = PBXNativeTarget;
			buildConfigurationList = 8A72E6C0224F388A009F9D11 /* Build configuration list for PBXNativeTarget "LA-HACKS-2019" */;
			buildPhases = (
				5A1D2ADB7D9844EAD9B4A214 /* [CP] Check Pods Manifest.lock */,
				8A72E691224F3888009F9D11 /* Sources */,
				8A72E692224F3888009F9D11 /* Frameworks */,
				8A72E693224F3888009F9D11 /* Resources */,
				8192C1922F60B519CA8C4097 /* [CP] Embed Pods Frameworks */,
			);
			buildRules = (
			);
			dependencies = (
			);
			name = "LA-HACKS-2019";
			productName = "LA-HACKS-2019";
			productReference = 8A72E695224F3888009F9D11 /* LA-HACKS-2019.app */;
			productType = "com.apple.product-type.application";
		};
		8A72E6AB224F388A009F9D11 /* LA-HACKS-2019Tests */ = {
			isa = PBXNativeTarget;
			buildConfigurationList = 8A72E6C3224F388A009F9D11 /* Build configuration list for PBXNativeTarget "LA-HACKS-2019Tests" */;
			buildPhases = (
				8A72E6A8224F388A009F9D11 /* Sources */,
				8A72E6A9224F388A009F9D11 /* Frameworks */,
				8A72E6AA224F388A009F9D11 /* Resources */,
			);
			buildRules = (
			);
			dependencies = (
				8A72E6AE224F388A009F9D11 /* PBXTargetDependency */,
			);
			name = "LA-HACKS-2019Tests";
			productName = "LA-HACKS-2019Tests";
			productReference = 8A72E6AC224F388A009F9D11 /* LA-HACKS-2019Tests.xctest */;
			productType = "com.apple.product-type.bundle.unit-test";
		};
		8A72E6B6224F388A009F9D11 /* LA-HACKS-2019UITests */ = {
			isa = PBXNativeTarget;
			buildConfigurationList = 8A72E6C6224F388A009F9D11 /* Build configuration list for PBXNativeTarget "LA-HACKS-2019UITests" */;
			buildPhases = (
				8A72E6B3224F388A009F9D11 /* Sources */,
				8A72E6B4224F388A009F9D11 /* Frameworks */,
				8A72E6B5224F388A009F9D11 /* Resources */,
			);
			buildRules = (
			);
			dependencies = (
				8A72E6B9224F388A009F9D11 /* PBXTargetDependency */,
			);
			name = "LA-HACKS-2019UITests";
			productName = "LA-HACKS-2019UITests";
			productReference = 8A72E6B7224F388A009F9D11 /* LA-HACKS-2019UITests.xctest */;
			productType = "com.apple.product-type.bundle.ui-testing";
		};
/* End PBXNativeTarget section */

/* Begin PBXProject section */
		8A72E68D224F3888009F9D11 /* Project object */ = {
			isa = PBXProject;
			attributes = {
				LastSwiftUpdateCheck = 1010;
				LastUpgradeCheck = 1010;
				ORGANIZATIONNAME = "AMZ Development";
				TargetAttributes = {
					8A72E694224F3888009F9D11 = {
						CreatedOnToolsVersion = 10.1;
					};
					8A72E6AB224F388A009F9D11 = {
						CreatedOnToolsVersion = 10.1;
						TestTargetID = 8A72E694224F3888009F9D11;
					};
					8A72E6B6224F388A009F9D11 = {
						CreatedOnToolsVersion = 10.1;
						TestTargetID = 8A72E694224F3888009F9D11;
					};
				};
			};
			buildConfigurationList = 8A72E690224F3888009F9D11 /* Build configuration list for PBXProject "LA-HACKS-2019" */;
			compatibilityVersion = "Xcode 9.3";
			developmentRegion = en;
			hasScannedForEncodings = 0;
			knownRegions = (
				en,
				Base,
			);
			mainGroup = 8A72E68C224F3888009F9D11;
			productRefGroup = 8A72E696224F3888009F9D11 /* Products */;
			projectDirPath = "";
			projectRoot = "";
			targets = (
				8A72E694224F3888009F9D11 /* LA-HACKS-2019 */,
				8A72E6AB224F388A009F9D11 /* LA-HACKS-2019Tests */,
				8A72E6B6224F388A009F9D11 /* LA-HACKS-2019UITests */,
			);
		};
/* End PBXProject section */

/* Begin PBXResourcesBuildPhase section */
		8A72E693224F3888009F9D11 /* Resources */ = {
			isa = PBXResourcesBuildPhase;
			buildActionMask = 2147483647;
			files = (
				8A72E6A6224F388A009F9D11 /* LaunchScreen.storyboard in Resources */,
				8A62443B224FDB02004FA45D /* CustomCell.xib in Resources */,
				8A72E6A3224F388A009F9D11 /* Assets.xcassets in Resources */,
				8A72E69E224F3888009F9D11 /* Main.storyboard in Resources */,
			);
			runOnlyForDeploymentPostprocessing = 0;
		};
		8A72E6AA224F388A009F9D11 /* Resources */ = {
			isa = PBXResourcesBuildPhase;
			buildActionMask = 2147483647;
			files = (
			);
			runOnlyForDeploymentPostprocessing = 0;
		};
		8A72E6B5224F388A009F9D11 /* Resources */ = {
			isa = PBXResourcesBuildPhase;
			buildActionMask = 2147483647;
			files = (
			);
			runOnlyForDeploymentPostprocessing = 0;
		};
/* End PBXResourcesBuildPhase section */

/* Begin PBXShellScriptBuildPhase section */
		5A1D2ADB7D9844EAD9B4A214 /* [CP] Check Pods Manifest.lock */ = {
			isa = PBXShellScriptBuildPhase;
			buildActionMask = 2147483647;
			files = (
			);
			inputFileListPaths = (
			);
			inputPaths = (
				"${PODS_PODFILE_DIR_PATH}/Podfile.lock",
				"${PODS_ROOT}/Manifest.lock",
			);
			name = "[CP] Check Pods Manifest.lock";
			outputFileListPaths = (
			);
			outputPaths = (
				"$(DERIVED_FILE_DIR)/Pods-LA-HACKS-2019-checkManifestLockResult.txt",
			);
			runOnlyForDeploymentPostprocessing = 0;
			shellPath = /bin/sh;
			shellScript = "diff \"${PODS_PODFILE_DIR_PATH}/Podfile.lock\" \"${PODS_ROOT}/Manifest.lock\" > /dev/null\nif [ $? != 0 ] ; then\n    # print error to STDERR\n    echo \"error: The sandbox is not in sync with the Podfile.lock. Run 'pod install' or update your CocoaPods installation.\" >&2\n    exit 1\nfi\n# This output is used by Xcode 'outputs' to avoid re-running this script phase.\necho \"SUCCESS\" > \"${SCRIPT_OUTPUT_FILE_0}\"\n";
			showEnvVarsInLog = 0;
		};
		8192C1922F60B519CA8C4097 /* [CP] Embed Pods Frameworks */ = {
			isa = PBXShellScriptBuildPhase;
			buildActionMask = 2147483647;
			files = (
			);
			inputFileListPaths = (
			);
			inputPaths = (
				"${PODS_ROOT}/Target Support Files/Pods-LA-HACKS-2019/Pods-LA-HACKS-2019-frameworks.sh",
				"${BUILT_PRODUCTS_DIR}/Alamofire/Alamofire.framework",
				"${BUILT_PRODUCTS_DIR}/GTMSessionFetcher/GTMSessionFetcher.framework",
				"${BUILT_PRODUCTS_DIR}/GoogleAPIClientForREST/GoogleAPIClientForREST.framework",
				"${BUILT_PRODUCTS_DIR}/GoogleToolboxForMac/GoogleToolboxForMac.framework",
				"${BUILT_PRODUCTS_DIR}/GoogleUtilities/GoogleUtilities.framework",
				"${BUILT_PRODUCTS_DIR}/Protobuf/Protobuf.framework",
				"${BUILT_PRODUCTS_DIR}/SVProgressHUD/SVProgressHUD.framework",
				"${BUILT_PRODUCTS_DIR}/SwiftyJSON/SwiftyJSON.framework",
				"${BUILT_PRODUCTS_DIR}/nanopb/nanopb.framework",
			);
			name = "[CP] Embed Pods Frameworks";
			outputFileListPaths = (
			);
			outputPaths = (
				"${TARGET_BUILD_DIR}/${FRAMEWORKS_FOLDER_PATH}/Alamofire.framework",
				"${TARGET_BUILD_DIR}/${FRAMEWORKS_FOLDER_PATH}/GTMSessionFetcher.framework",
				"${TARGET_BUILD_DIR}/${FRAMEWORKS_FOLDER_PATH}/GoogleAPIClientForREST.framework",
				"${TARGET_BUILD_DIR}/${FRAMEWORKS_FOLDER_PATH}/GoogleToolboxForMac.framework",
				"${TARGET_BUILD_DIR}/${FRAMEWORKS_FOLDER_PATH}/GoogleUtilities.framework",
				"${TARGET_BUILD_DIR}/${FRAMEWORKS_FOLDER_PATH}/Protobuf.framework",
				"${TARGET_BUILD_DIR}/${FRAMEWORKS_FOLDER_PATH}/SVProgressHUD.framework",
				"${TARGET_BUILD_DIR}/${FRAMEWORKS_FOLDER_PATH}/SwiftyJSON.framework",
				"${TARGET_BUILD_DIR}/${FRAMEWORKS_FOLDER_PATH}/nanopb.framework",
			);
			runOnlyForDeploymentPostprocessing = 0;
			shellPath = /bin/sh;
			shellScript = "\"${PODS_ROOT}/Target Support Files/Pods-LA-HACKS-2019/Pods-LA-HACKS-2019-frameworks.sh\"\n";
			showEnvVarsInLog = 0;
		};
/* End PBXShellScriptBuildPhase section */

/* Begin PBXSourcesBuildPhase section */
		8A72E691224F3888009F9D11 /* Sources */ = {
			isa = PBXSourcesBuildPhase;
			buildActionMask = 2147483647;
			files = (
				8A624432224FC290004FA45D /* WeatherDataModel.swift in Sources */,
				8A624436224FC399004FA45D /* DateModel.swift in Sources */,
				8A624438224FC44F004FA45D /* TimeModel.swift in Sources */,
				8AFC41DA224FFBC100E26711 /* CustomCellController.swift in Sources */,
				8A72E69B224F3888009F9D11 /* ViewController.swift in Sources */,
				8A72E6A1224F3889009F9D11 /* LA_HACKS_2019.xcdatamodeld in Sources */,
				8AFC41D8224FF93400E26711 /* ItemsList.swift in Sources */,
				8A72E699224F3888009F9D11 /* AppDelegate.swift in Sources */,
				8AFC41D4224FEC5A00E26711 /* CustomWeatherController.swift in Sources */,
			);
			runOnlyForDeploymentPostprocessing = 0;
		};
		8A72E6A8224F388A009F9D11 /* Sources */ = {
			isa = PBXSourcesBuildPhase;
			buildActionMask = 2147483647;
			files = (
				8A72E6B1224F388A009F9D11 /* LA_HACKS_2019Tests.swift in Sources */,
			);
			runOnlyForDeploymentPostprocessing = 0;
		};
		8A72E6B3224F388A009F9D11 /* Sources */ = {
			isa = PBXSourcesBuildPhase;
			buildActionMask = 2147483647;
			files = (
				8A72E6BC224F388A009F9D11 /* LA_HACKS_2019UITests.swift in Sources */,
			);
			runOnlyForDeploymentPostprocessing = 0;
		};
/* End PBXSourcesBuildPhase section */

/* Begin PBXTargetDependency section */
		8A72E6AE224F388A009F9D11 /* PBXTargetDependency */ = {
			isa = PBXTargetDependency;
			target = 8A72E694224F3888009F9D11 /* LA-HACKS-2019 */;
			targetProxy = 8A72E6AD224F388A009F9D11 /* PBXContainerItemProxy */;
		};
		8A72E6B9224F388A009F9D11 /* PBXTargetDependency */ = {
			isa = PBXTargetDependency;
			target = 8A72E694224F3888009F9D11 /* LA-HACKS-2019 */;
			targetProxy = 8A72E6B8224F388A009F9D11 /* PBXContainerItemProxy */;
		};
/* End PBXTargetDependency section */

/* Begin PBXVariantGroup section */
		8A72E69C224F3888009F9D11 /* Main.storyboard */ = {
			isa = PBXVariantGroup;
			children = (
				8A72E69D224F3888009F9D11 /* Base */,
			);
			name = Main.storyboard;
			sourceTree = "<group>";
		};
		8A72E6A4224F388A009F9D11 /* LaunchScreen.storyboard */ = {
			isa = PBXVariantGroup;
			children = (
				8A72E6A5224F388A009F9D11 /* Base */,
			);
			name = LaunchScreen.storyboard;
			sourceTree = "<group>";
		};
/* End PBXVariantGroup section */

/* Begin XCBuildConfiguration section */
		8A72E6BE224F388A009F9D11 /* Debug */ = {
			isa = XCBuildConfiguration;
			buildSettings = {
				ALWAYS_SEARCH_USER_PATHS = NO;
				CLANG_ANALYZER_NONNULL = YES;
				CLANG_ANALYZER_NUMBER_OBJECT_CONVERSION = YES_AGGRESSIVE;
				CLANG_CXX_LANGUAGE_STANDARD = "gnu++14";
				CLANG_CXX_LIBRARY = "libc++";
				CLANG_ENABLE_MODULES = YES;
				CLANG_ENABLE_OBJC_ARC = YES;
				CLANG_ENABLE_OBJC_WEAK = YES;
				CLANG_WARN_BLOCK_CAPTURE_AUTORELEASING = YES;
				CLANG_WARN_BOOL_CONVERSION = YES;
				CLANG_WARN_COMMA = YES;
				CLANG_WARN_CONSTANT_CONVERSION = YES;
				CLANG_WARN_DEPRECATED_OBJC_IMPLEMENTATIONS = YES;
				CLANG_WARN_DIRECT_OBJC_ISA_USAGE = YES_ERROR;
				CLANG_WARN_DOCUMENTATION_COMMENTS = YES;
				CLANG_WARN_EMPTY_BODY = YES;
				CLANG_WARN_ENUM_CONVERSION = YES;
				CLANG_WARN_INFINITE_RECURSION = YES;
				CLANG_WARN_INT_CONVERSION = YES;
				CLANG_WARN_NON_LITERAL_NULL_CONVERSION = YES;
				CLANG_WARN_OBJC_IMPLICIT_RETAIN_SELF = YES;
				CLANG_WARN_OBJC_LITERAL_CONVERSION = YES;
				CLANG_WARN_OBJC_ROOT_CLASS = YES_ERROR;
				CLANG_WARN_RANGE_LOOP_ANALYSIS = YES;
				CLANG_WARN_STRICT_PROTOTYPES = YES;
				CLANG_WARN_SUSPICIOUS_MOVE = YES;
				CLANG_WARN_UNGUARDED_AVAILABILITY = YES_AGGRESSIVE;
				CLANG_WARN_UNREACHABLE_CODE = YES;
				CLANG_WARN__DUPLICATE_METHOD_MATCH = YES;
				CODE_SIGN_IDENTITY = "iPhone Developer";
				COPY_PHASE_STRIP = NO;
				DEBUG_INFORMATION_FORMAT = dwarf;
				ENABLE_STRICT_OBJC_MSGSEND = YES;
				ENABLE_TESTABILITY = YES;
				GCC_C_LANGUAGE_STANDARD = gnu11;
				GCC_DYNAMIC_NO_PIC = NO;
				GCC_NO_COMMON_BLOCKS = YES;
				GCC_OPTIMIZATION_LEVEL = 0;
				GCC_PREPROCESSOR_DEFINITIONS = (
					"DEBUG=1",
					"$(inherited)",
				);
				GCC_WARN_64_TO_32_BIT_CONVERSION = YES;
				GCC_WARN_ABOUT_RETURN_TYPE = YES_ERROR;
				GCC_WARN_UNDECLARED_SELECTOR = YES;
				GCC_WARN_UNINITIALIZED_AUTOS = YES_AGGRESSIVE;
				GCC_WARN_UNUSED_FUNCTION = YES;
				GCC_WARN_UNUSED_VARIABLE = YES;
				IPHONEOS_DEPLOYMENT_TARGET = 12.1;
				MTL_ENABLE_DEBUG_INFO = INCLUDE_SOURCE;
				MTL_FAST_MATH = YES;
				ONLY_ACTIVE_ARCH = YES;
				SDKROOT = iphoneos;
				SWIFT_ACTIVE_COMPILATION_CONDITIONS = DEBUG;
				SWIFT_OPTIMIZATION_LEVEL = "-Onone";
			};
			name = Debug;
		};
		8A72E6BF224F388A009F9D11 /* Release */ = {
			isa = XCBuildConfiguration;
			buildSettings = {
				ALWAYS_SEARCH_USER_PATHS = NO;
				CLANG_ANALYZER_NONNULL = YES;
				CLANG_ANALYZER_NUMBER_OBJECT_CONVERSION = YES_AGGRESSIVE;
				CLANG_CXX_LANGUAGE_STANDARD = "gnu++14";
				CLANG_CXX_LIBRARY = "libc++";
				CLANG_ENABLE_MODULES = YES;
				CLANG_ENABLE_OBJC_ARC = YES;
				CLANG_ENABLE_OBJC_WEAK = YES;
				CLANG_WARN_BLOCK_CAPTURE_AUTORELEASING = YES;
				CLANG_WARN_BOOL_CONVERSION = YES;
				CLANG_WARN_COMMA = YES;
				CLANG_WARN_CONSTANT_CONVERSION = YES;
				CLANG_WARN_DEPRECATED_OBJC_IMPLEMENTATIONS = YES;
				CLANG_WARN_DIRECT_OBJC_ISA_USAGE = YES_ERROR;
				CLANG_WARN_DOCUMENTATION_COMMENTS = YES;
				CLANG_WARN_EMPTY_BODY = YES;
				CLANG_WARN_ENUM_CONVERSION = YES;
				CLANG_WARN_INFINITE_RECURSION = YES;
				CLANG_WARN_INT_CONVERSION = YES;
				CLANG_WARN_NON_LITERAL_NULL_CONVERSION = YES;
				CLANG_WARN_OBJC_IMPLICIT_RETAIN_SELF = YES;
				CLANG_WARN_OBJC_LITERAL_CONVERSION = YES;
				CLANG_WARN_OBJC_ROOT_CLASS = YES_ERROR;
				CLANG_WARN_RANGE_LOOP_ANALYSIS = YES;
				CLANG_WARN_STRICT_PROTOTYPES = YES;
				CLANG_WARN_SUSPICIOUS_MOVE = YES;
				CLANG_WARN_UNGUARDED_AVAILABILITY = YES_AGGRESSIVE;
				CLANG_WARN_UNREACHABLE_CODE = YES;
				CLANG_WARN__DUPLICATE_METHOD_MATCH = YES;
				CODE_SIGN_IDENTITY = "iPhone Developer";
				COPY_PHASE_STRIP = NO;
				DEBUG_INFORMATION_FORMAT = "dwarf-with-dsym";
				ENABLE_NS_ASSERTIONS = NO;
				ENABLE_STRICT_OBJC_MSGSEND = YES;
				GCC_C_LANGUAGE_STANDARD = gnu11;
				GCC_NO_COMMON_BLOCKS = YES;
				GCC_WARN_64_TO_32_BIT_CONVERSION = YES;
				GCC_WARN_ABOUT_RETURN_TYPE = YES_ERROR;
				GCC_WARN_UNDECLARED_SELECTOR = YES;
				GCC_WARN_UNINITIALIZED_AUTOS = YES_AGGRESSIVE;
				GCC_WARN_UNUSED_FUNCTION = YES;
				GCC_WARN_UNUSED_VARIABLE = YES;
				IPHONEOS_DEPLOYMENT_TARGET = 12.1;
				MTL_ENABLE_DEBUG_INFO = NO;
				MTL_FAST_MATH = YES;
				SDKROOT = iphoneos;
				SWIFT_COMPILATION_MODE = wholemodule;
				SWIFT_OPTIMIZATION_LEVEL = "-O";
				VALIDATE_PRODUCT = YES;
			};
			name = Release;
		};
		8A72E6C1224F388A009F9D11 /* Debug */ = {
			isa = XCBuildConfiguration;
			baseConfigurationReference = A5E7CFD1081C00A965743340 /* Pods-LA-HACKS-2019.debug.xcconfig */;
			buildSettings = {
				ASSETCATALOG_COMPILER_APPICON_NAME = AppIcon;
				CODE_SIGN_STYLE = Automatic;
				DEVELOPMENT_TEAM = "";
				INFOPLIST_FILE = "LA-HACKS-2019/Info.plist";
				LD_RUNPATH_SEARCH_PATHS = (
					"$(inherited)",
					"@executable_path/Frameworks",
				);
				PRODUCT_BUNDLE_IDENTIFIER = "AMZ.LA-HACKS-2019";
				PRODUCT_NAME = "$(TARGET_NAME)";
				SWIFT_VERSION = 4.2;
				TARGETED_DEVICE_FAMILY = 1;
			};
			name = Debug;
		};
		8A72E6C2224F388A009F9D11 /* Release */ = {
			isa = XCBuildConfiguration;
			baseConfigurationReference = DA210F489F876BC1FCD68A0A /* Pods-LA-HACKS-2019.release.xcconfig */;
			buildSettings = {
				ASSETCATALOG_COMPILER_APPICON_NAME = AppIcon;
				CODE_SIGN_STYLE = Automatic;
				DEVELOPMENT_TEAM = "";
				INFOPLIST_FILE = "LA-HACKS-2019/Info.plist";
				LD_RUNPATH_SEARCH_PATHS = (
					"$(inherited)",
					"@executable_path/Frameworks",
				);
				PRODUCT_BUNDLE_IDENTIFIER = "AMZ.LA-HACKS-2019";
				PRODUCT_NAME = "$(TARGET_NAME)";
				SWIFT_VERSION = 4.2;
				TARGETED_DEVICE_FAMILY = 1;
			};
			name = Release;
		};
		8A72E6C4224F388A009F9D11 /* Debug */ = {
			isa = XCBuildConfiguration;
			buildSettings = {
				ALWAYS_EMBED_SWIFT_STANDARD_LIBRARIES = YES;
				BUNDLE_LOADER = "$(TEST_HOST)";
				CODE_SIGN_STYLE = Automatic;
				DEVELOPMENT_TEAM = 99S5NHB72C;
				INFOPLIST_FILE = "LA-HACKS-2019Tests/Info.plist";
				LD_RUNPATH_SEARCH_PATHS = (
					"$(inherited)",
					"@executable_path/Frameworks",
					"@loader_path/Frameworks",
				);
				PRODUCT_BUNDLE_IDENTIFIER = "AMZ.LA-HACKS-2019Tests";
				PRODUCT_NAME = "$(TARGET_NAME)";
				SWIFT_VERSION = 4.2;
				TARGETED_DEVICE_FAMILY = "1,2";
				TEST_HOST = "$(BUILT_PRODUCTS_DIR)/LA-HACKS-2019.app/LA-HACKS-2019";
			};
			name = Debug;
		};
		8A72E6C5224F388A009F9D11 /* Release */ = {
			isa = XCBuildConfiguration;
			buildSettings = {
				ALWAYS_EMBED_SWIFT_STANDARD_LIBRARIES = YES;
				BUNDLE_LOADER = "$(TEST_HOST)";
				CODE_SIGN_STYLE = Automatic;
				DEVELOPMENT_TEAM = 99S5NHB72C;
				INFOPLIST_FILE = "LA-HACKS-2019Tests/Info.plist";
				LD_RUNPATH_SEARCH_PATHS = (
					"$(inherited)",
					"@executable_path/Frameworks",
					"@loader_path/Frameworks",
				);
				PRODUCT_BUNDLE_IDENTIFIER = "AMZ.LA-HACKS-2019Tests";
				PRODUCT_NAME = "$(TARGET_NAME)";
				SWIFT_VERSION = 4.2;
				TARGETED_DEVICE_FAMILY = "1,2";
				TEST_HOST = "$(BUILT_PRODUCTS_DIR)/LA-HACKS-2019.app/LA-HACKS-2019";
			};
			name = Release;
		};
		8A72E6C7224F388A009F9D11 /* Debug */ = {
			isa = XCBuildConfiguration;
			buildSettings = {
				ALWAYS_EMBED_SWIFT_STANDARD_LIBRARIES = YES;
				CODE_SIGN_STYLE = Automatic;
				DEVELOPMENT_TEAM = 99S5NHB72C;
				INFOPLIST_FILE = "LA-HACKS-2019UITests/Info.plist";
				LD_RUNPATH_SEARCH_PATHS = (
					"$(inherited)",
					"@executable_path/Frameworks",
					"@loader_path/Frameworks",
				);
				PRODUCT_BUNDLE_IDENTIFIER = "AMZ.LA-HACKS-2019UITests";
				PRODUCT_NAME = "$(TARGET_NAME)";
				SWIFT_VERSION = 4.2;
				TARGETED_DEVICE_FAMILY = "1,2";
				TEST_TARGET_NAME = "LA-HACKS-2019";
			};
			name = Debug;
		};
		8A72E6C8224F388A009F9D11 /* Release */ = {
			isa = XCBuildConfiguration;
			buildSettings = {
				ALWAYS_EMBED_SWIFT_STANDARD_LIBRARIES = YES;
				CODE_SIGN_STYLE = Automatic;
				DEVELOPMENT_TEAM = 99S5NHB72C;
				INFOPLIST_FILE = "LA-HACKS-2019UITests/Info.plist";
				LD_RUNPATH_SEARCH_PATHS = (
					"$(inherited)",
					"@executable_path/Frameworks",
					"@loader_path/Frameworks",
				);
				PRODUCT_BUNDLE_IDENTIFIER = "AMZ.LA-HACKS-2019UITests";
				PRODUCT_NAME = "$(TARGET_NAME)";
				SWIFT_VERSION = 4.2;
				TARGETED_DEVICE_FAMILY = "1,2";
				TEST_TARGET_NAME = "LA-HACKS-2019";
			};
			name = Release;
		};
/* End XCBuildConfiguration section */

/* Begin XCConfigurationList section */
		8A72E690224F3888009F9D11 /* Build configuration list for PBXProject "LA-HACKS-2019" */ = {
			isa = XCConfigurationList;
			buildConfigurations = (
				8A72E6BE224F388A009F9D11 /* Debug */,
				8A72E6BF224F388A009F9D11 /* Release */,
			);
			defaultConfigurationIsVisible = 0;
			defaultConfigurationName = Release;
		};
		8A72E6C0224F388A009F9D11 /* Build configuration list for PBXNativeTarget "LA-HACKS-2019" */ = {
			isa = XCConfigurationList;
			buildConfigurations = (
				8A72E6C1224F388A009F9D11 /* Debug */,
				8A72E6C2224F388A009F9D11 /* Release */,
			);
			defaultConfigurationIsVisible = 0;
			defaultConfigurationName = Release;
		};
		8A72E6C3224F388A009F9D11 /* Build configuration list for PBXNativeTarget "LA-HACKS-2019Tests" */ = {
			isa = XCConfigurationList;
			buildConfigurations = (
				8A72E6C4224F388A009F9D11 /* Debug */,
				8A72E6C5224F388A009F9D11 /* Release */,
			);
			defaultConfigurationIsVisible = 0;
			defaultConfigurationName = Release;
		};
		8A72E6C6224F388A009F9D11 /* Build configuration list for PBXNativeTarget "LA-HACKS-2019UITests" */ = {
			isa = XCConfigurationList;
			buildConfigurations = (
				8A72E6C7224F388A009F9D11 /* Debug */,
				8A72E6C8224F388A009F9D11 /* Release */,
			);
			defaultConfigurationIsVisible = 0;
			defaultConfigurationName = Release;
		};
/* End XCConfigurationList section */

/* Begin XCVersionGroup section */
		8A72E69F224F3889009F9D11 /* LA_HACKS_2019.xcdatamodeld */ = {
			isa = XCVersionGroup;
			children = (
				8A72E6A0224F3889009F9D11 /* LA_HACKS_2019.xcdatamodel */,
			);
			currentVersion = 8A72E6A0224F3889009F9D11 /* LA_HACKS_2019.xcdatamodel */;
			path = LA_HACKS_2019.xcdatamodeld;
			sourceTree = "<group>";
			versionGroupType = wrapper.xcdatamodel;
		};
/* End XCVersionGroup section */
	};
	rootObject = 8A72E68D224F3888009F9D11 /* Project object */;
}
